
Microsoft Visual Studio Solution File, Format Version 12.00
# Visual Studio Version 16
VisualStudioVersion = 16.0.29009.5
MinimumVisualStudioVersion = 10.0.40219.1
Project("{9A19103F-16F7-4668-BE54-9A1E7A4F7556}") = "SeaBlog.Blazor.Admin", "SeaBlog.Blazor.admin\SeaBlog.Blazor.Admin.csproj", "{1E28C291-39C6-4CA5-9C2E-7126CDA94D06}"
EndProject
Project("{FAE04EC0-301F-11D3-BF4B-00C04F79EFBC}") = "SeaBlog.Blazor.Admin.Models", "SeaBlog.Blazor.Admin.Models\SeaBlog.Blazor.Admin.Models.csproj", "{80DE33E3-8686-4908-A042-4E6AF0936021}"
EndProject
Global
	GlobalSection(SolutionConfigurationPlatforms) = preSolution
		Debug|Any CPU = Debug|Any CPU
		Release|Any CPU = Release|Any CPU
	EndGlobalSection
	GlobalSection(ProjectConfigurationPlatforms) = postSolution
		{1E28C291-39C6-4CA5-9C2E-7126CDA94D06}.Debug|Any CPU.ActiveCfg = Debug|Any CPU
		{1E28C291-39C6-4CA5-9C2E-7126CDA94D06}.Debug|Any CPU.Build.0 = Debug|Any CPU
		{1E28C291-39C6-4CA5-9C2E-7126CDA94D06}.Release|Any CPU.ActiveCfg = Release|Any CPU
		{1E28C291-39C6-4CA5-9C2E-7126CDA94D06}.Release|Any CPU.Build.0 = Release|Any CPU
		{80DE33E3-8686-4908-A042-4E6AF0936021}.Debug|Any CPU.ActiveCfg = Debug|Any CPU
		{80DE33E3-8686-4908-A042-4E6AF0936021}.Debug|Any CPU.Build.0 = Debug|Any CPU
		{80DE33E3-8686-4908-A042-4E6AF0936021}.Release|Any CPU.ActiveCfg = Release|Any CPU
		{80DE33E3-8686-4908-A042-4E6AF0936021}.Release|Any CPU.Build.0 = Release|Any CPU
	EndGlobalSection
	GlobalSection(SolutionProperties) = preSolution
		HideSolutionNode = FALSE
	EndGlobalSection
	GlobalSection(ExtensibilityGlobals) = postSolution
		SolutionGuid = {B8C345BF-9912-46AE-B1D9-5782EC37641B}
	EndGlobalSection
EndGlobal
